# platform: linux-64
# env_hash: 5ab159e045ba134dd86809ea96cb45052da2a88d878a6e1fdd88482deaf80788
@EXPLICIT
https://conda.anaconda.org/conda-forge/linux-64/_libgcc_mutex-0.1-conda_forge.tar.bz2#d7c89558ba9fa0495403155b64376d81
https://conda.anaconda.org/conda-forge/linux-64/ca-certificates-2020.12.5-ha878542_0.tar.bz2#7eb5d4ffeee663caa1635cd67071bc1b
https://conda.anaconda.org/conda-forge/linux-64/ld_impl_linux-64-2.35.1-hea4e1c9_2.tar.bz2#83610dba766a186bdc7a116053b782a4
https://conda.anaconda.org/conda-forge/linux-64/libgfortran5-9.3.0-hff62375_18.tar.bz2#86a1cade1bc2b99a6419ba980f730bff
https://conda.anaconda.org/conda-forge/linux-64/libstdcxx-ng-9.3.0-h6de172a_18.tar.bz2#2f03cd1e5c966d4af5822c7ae089ab03
https://conda.anaconda.org/conda-forge/noarch/poppler-data-0.4.10-0.tar.bz2#02204e159c8596584135923fd81a2c10
https://conda.anaconda.org/conda-forge/noarch/tzdata-2021a-he74cb21_0.tar.bz2#6f36861f102249fc54861ff9343c3fdd
https://conda.anaconda.org/conda-forge/linux-64/libgfortran-ng-9.3.0-hff62375_18.tar.bz2#db417845fae12a62b6720f09f51ab6a7
https://conda.anaconda.org/conda-forge/linux-64/libgomp-9.3.0-h2828fa1_18.tar.bz2#fc7a2a7e6a741c8afdd764715ac7039d
https://conda.anaconda.org/conda-forge/linux-64/_openmp_mutex-4.5-1_gnu.tar.bz2#561e277319a41d4f24f5c05a9ef63c04
https://conda.anaconda.org/conda-forge/linux-64/libgcc-ng-9.3.0-h2828fa1_18.tar.bz2#5a9490c49a3505a6d19bda012cde6ad3
https://conda.anaconda.org/conda-forge/linux-64/abseil-cpp-20200923.3-h9c3ff4c_0.tar.bz2#0e1b3fb4538588a2b384239f1d8d406c
https://conda.anaconda.org/conda-forge/linux-64/aws-c-common-0.5.2-h7f98852_0.tar.bz2#9385df75d92faab7050054d8c0267a8e
https://conda.anaconda.org/conda-forge/linux-64/brotli-1.0.9-h9c3ff4c_4.tar.bz2#f4f75dc7038aaeb6eaae16a5ef5350b3
https://conda.anaconda.org/conda-forge/linux-64/bzip2-1.0.8-h7f98852_4.tar.bz2#a1fd65c7ccbf10880423d82bca54eb54
https://conda.anaconda.org/conda-forge/linux-64/c-ares-1.17.1-h7f98852_1.tar.bz2#ed1dc233ed5e3eaa9bfbaac64d130c5e
https://conda.anaconda.org/conda-forge/linux-64/expat-2.3.0-h9c3ff4c_0.tar.bz2#1fb8f0254eb78a2a0c120155e1b1a207
https://conda.anaconda.org/conda-forge/linux-64/freexl-1.0.6-h7f98852_0.tar.bz2#fb707484f02b122edec5fe3d1f3f552f
https://conda.anaconda.org/conda-forge/linux-64/geos-3.9.1-h9c3ff4c_2.tar.bz2#b9a6d9422aed3ad84ec6ccee9bfcaa0f
https://conda.anaconda.org/conda-forge/linux-64/gflags-2.2.2-he1b5a44_1004.tar.bz2#cddaf2c63ea4a5901cf09524c490ecdc
https://conda.anaconda.org/conda-forge/linux-64/giflib-5.2.1-h36c2ea0_2.tar.bz2#626e68ae9cc5912d6adb79d318cf962d
https://conda.anaconda.org/conda-forge/linux-64/icu-68.1-h58526e2_0.tar.bz2#fc7a4271dc2a7f4fd78cd63695baf7c3
https://conda.anaconda.org/conda-forge/linux-64/jpeg-9d-h36c2ea0_0.tar.bz2#ea02ce6037dbe81803ae6123e5ba1568
https://conda.anaconda.org/conda-forge/linux-64/json-c-0.15-h98cffda_0.tar.bz2#f32d45a88e7462be446824654dbcf4a4
https://conda.anaconda.org/conda-forge/linux-64/libev-4.33-h516909a_1.tar.bz2#6f8720dff19e17ce5d48cfe7f3d2f0a3
https://conda.anaconda.org/conda-forge/linux-64/libffi-3.3-h58526e2_2.tar.bz2#665369991d8dd290ac5ee92fce3e6bf5
https://conda.anaconda.org/conda-forge/linux-64/libiconv-1.16-h516909a_0.tar.bz2#5c0f338a513a2943c659ae619fca9211
https://conda.anaconda.org/conda-forge/linux-64/libopenblas-0.3.12-pthreads_h4812303_1.tar.bz2#2c7126a584f05e7bc8885d64dad3d21a
https://conda.anaconda.org/conda-forge/linux-64/libspatialindex-1.9.3-h9c3ff4c_3.tar.bz2#5cfecb0aa384fd3831cc106794e3f968
https://conda.anaconda.org/conda-forge/linux-64/libutf8proc-2.6.1-h7f98852_0.tar.bz2#fd037e965074069cbd94b600a84c27b8
https://conda.anaconda.org/conda-forge/linux-64/libuuid-2.32.1-h7f98852_1000.tar.bz2#772d69f030955d9646d3d0eaf21d859d
https://conda.anaconda.org/conda-forge/linux-64/libwebp-base-1.2.0-h7f98852_2.tar.bz2#fb63a035a3b552c88a30d84b89ebf4c4
https://conda.anaconda.org/conda-forge/linux-64/lz4-c-1.9.3-h9c3ff4c_0.tar.bz2#4eb64ee0d5cd43096ffcf843c76b05d4
https://conda.anaconda.org/conda-forge/linux-64/ncurses-6.2-h58526e2_4.tar.bz2#509f2a21c4a09214cd737a480dfd80c9
https://conda.anaconda.org/conda-forge/linux-64/openssl-1.1.1k-h7f98852_0.tar.bz2#07fae2cb088379c8441e0f3ffa1f4025
https://conda.anaconda.org/conda-forge/linux-64/pcre-8.44-he1b5a44_0.tar.bz2#e647d89cd5cdf62760cf283a001841ff
https://conda.anaconda.org/conda-forge/linux-64/pixman-0.40.0-h36c2ea0_0.tar.bz2#660e72c82f2e75a6b3fe6a6e75c79f19
https://conda.anaconda.org/conda-forge/linux-64/pthread-stubs-0.4-h36c2ea0_1001.tar.bz2#22dad4df6e8630e8dff2428f6f6a7036
https://conda.anaconda.org/conda-forge/linux-64/re2-2020.11.01-h58526e2_0.tar.bz2#f3f2d14af4d759af42c0f8b3b9dbad0a
https://conda.anaconda.org/conda-forge/linux-64/snappy-1.1.8-he1b5a44_3.tar.bz2#83f1dc295c711bdbaf97e1f3bedf2f52
https://conda.anaconda.org/conda-forge/linux-64/tzcode-2021a-h7f98852_1.tar.bz2#69cffb84da3d06a78925fe3c5fa51646
https://conda.anaconda.org/conda-forge/linux-64/xorg-kbproto-1.0.7-h7f98852_1002.tar.bz2#4b230e8381279d76131116660f5a241a
https://conda.anaconda.org/conda-forge/linux-64/xorg-libice-1.0.10-h7f98852_0.tar.bz2#d6b0b50b49eccfe0be0373be628be0f3
https://conda.anaconda.org/conda-forge/linux-64/xorg-libxau-1.0.9-h7f98852_0.tar.bz2#bf6f803a544f26ebbdc3bfff272eb179
https://conda.anaconda.org/conda-forge/linux-64/xorg-libxdmcp-1.1.3-h7f98852_0.tar.bz2#be93aabceefa2fac576e971aef407908
https://conda.anaconda.org/conda-forge/linux-64/xorg-renderproto-0.11.1-h7f98852_1002.tar.bz2#06feff3d2634e3097ce2fe681474b534
https://conda.anaconda.org/conda-forge/linux-64/xorg-xextproto-7.3.0-h7f98852_1002.tar.bz2#1e15f6ad85a7d743a2ac68dae6c82b98
https://conda.anaconda.org/conda-forge/linux-64/xorg-xproto-7.0.31-h7f98852_1007.tar.bz2#b4a4381d54784606820704f7b5f05a15
https://conda.anaconda.org/conda-forge/linux-64/xz-5.2.5-h516909a_1.tar.bz2#33f601066901f3e1a85af3522a8113f9
https://conda.anaconda.org/conda-forge/linux-64/yaml-0.2.5-h516909a_0.tar.bz2#03a530e925414902547cf48da7756db8
https://conda.anaconda.org/conda-forge/linux-64/zlib-1.2.11-h516909a_1010.tar.bz2#339cc5584e6d26bc73a875ba900028c3
https://conda.anaconda.org/conda-forge/linux-64/aws-c-cal-0.4.5-h76129ab_8.tar.bz2#919fceea687596b265facc7bfea5a96f
https://conda.anaconda.org/conda-forge/linux-64/aws-checksums-0.1.11-h99e32c3_3.tar.bz2#8165c38b9497eb8bc69d8269decb0911
https://conda.anaconda.org/conda-forge/linux-64/gettext-0.19.8.1-h0b5b191_1005.tar.bz2#ff6f69b593a9e74c0e6b61908ac513fa
https://conda.anaconda.org/conda-forge/linux-64/glog-0.4.0-h49b9bf7_3.tar.bz2#d763c0076c32135a4fc8a5857d4fd2ba
https://conda.anaconda.org/conda-forge/linux-64/hdf4-4.2.13-h10796ff_1004.tar.bz2#aa1b96c7801b4876bb40f46f4d519836
https://conda.anaconda.org/conda-forge/linux-64/libblas-3.9.0-8_openblas.tar.bz2#95cee6371a5b901797075040941171f3
https://conda.anaconda.org/conda-forge/linux-64/libedit-3.1.20191231-he28a2e2_2.tar.bz2#4d331e44109e3f0e19b4cb8f9b82f3e1
https://conda.anaconda.org/conda-forge/linux-64/libevent-2.1.10-hcdb4288_3.tar.bz2#d8f51405997093ff1799ded7650439c4
https://conda.anaconda.org/conda-forge/linux-64/libnghttp2-1.43.0-h812cca2_0.tar.bz2#1867d1e9658596b3fac8847a7702eef4
https://conda.anaconda.org/conda-forge/linux-64/libpng-1.6.37-h21135ba_2.tar.bz2#b6acf807307d033d4b7e758b4f44b036
https://conda.anaconda.org/conda-forge/linux-64/libprotobuf-3.15.6-h780b84a_0.tar.bz2#76a5ad1e4a370df9c1ec15fa9d86e2a5
https://conda.anaconda.org/conda-forge/linux-64/librttopo-1.1.0-h1185371_6.tar.bz2#bdaaaa5a3984edea71596fc9cca74463
https://conda.anaconda.org/conda-forge/linux-64/libssh2-1.9.0-ha56f1ee_6.tar.bz2#f0dfb86444df325e599dbc3f4c0a3f5b
https://conda.anaconda.org/conda-forge/linux-64/libxcb-1.13-h7f98852_1003.tar.bz2#a9371e9e40aded194dcba1447606c9a1
https://conda.anaconda.org/conda-forge/linux-64/libxml2-2.9.10-h72842e0_3.tar.bz2#5ed2c4742d5f1141783f484fe8974ccf
https://conda.anaconda.org/conda-forge/linux-64/readline-8.0-he28a2e2_2.tar.bz2#4d0ae8d473f863696088f76800ef9d38
https://conda.anaconda.org/conda-forge/linux-64/s2n-1.0.0-h9b69904_0.tar.bz2#38eecb47a48a34ea6116f9f1b9ae3736
https://conda.anaconda.org/conda-forge/linux-64/tk-8.6.10-h21135ba_1.tar.bz2#c647f70aa7e3d4cc4e029cc1c9a99953
https://conda.anaconda.org/conda-forge/linux-64/xerces-c-3.2.3-h9d8b166_2.tar.bz2#c083e55b8f51b42b2487826e6d35c6a1
https://conda.anaconda.org/conda-forge/linux-64/xorg-libsm-1.2.3-hd9c2040_1000.tar.bz2#9e856f78d5c80d5a78f61e72d1d473a3
https://conda.anaconda.org/conda-forge/linux-64/zstd-1.4.9-ha95c52a_0.tar.bz2#b481dc9fda3af2a681d08a4d5cd1ea0b
https://conda.anaconda.org/conda-forge/linux-64/aws-c-io-0.9.1-ha5b09cb_1.tar.bz2#c2b89bbd2daf01804a710a6b735e9d7b
https://conda.anaconda.org/conda-forge/linux-64/boost-cpp-1.74.0-hc6e9bd1_2.tar.bz2#eca3e3674bf1f00fcddd63e6668fd9dd
https://conda.anaconda.org/conda-forge/linux-64/freetype-2.10.4-h0708190_1.tar.bz2#4a06f2ac2e5bfae7b6b245171c3f07aa
https://conda.anaconda.org/conda-forge/linux-64/grpc-cpp-1.36.4-h7919d58_0.tar.bz2#dd5b6abd8230d1e553049b73c436bd35
https://conda.anaconda.org/conda-forge/linux-64/krb5-1.17.2-h926e7f8_0.tar.bz2#926325c11478d6e781e76072c117763b
https://conda.anaconda.org/conda-forge/linux-64/libcblas-3.9.0-8_openblas.tar.bz2#d8e2151683bc12acffedea26eba27e0f
https://conda.anaconda.org/conda-forge/linux-64/libglib-2.68.0-h3e27bee_2.tar.bz2#a4d88d94d362430fd5c2bec54b8eb997
https://conda.anaconda.org/conda-forge/linux-64/liblapack-3.9.0-8_openblas.tar.bz2#9a860887c77e923c2807c715a7731fb8
https://conda.anaconda.org/conda-forge/linux-64/libthrift-0.14.1-he6d91bd_1.tar.bz2#06001ffba0d76a710848132497e7dc6d
https://conda.anaconda.org/conda-forge/linux-64/libtiff-4.2.0-hdc55705_0.tar.bz2#f1406324f1d02fa26447a0a0f2dd0107
https://conda.anaconda.org/conda-forge/linux-64/orc-1.6.7-heec2584_1.tar.bz2#a5e9cd6a909892649a6452cb4a85d2d9
https://conda.anaconda.org/conda-forge/linux-64/sqlite-3.35.3-h74cdb3f_0.tar.bz2#5853e26358e932de1c059b449091d9d9
https://conda.anaconda.org/conda-forge/linux-64/tiledb-2.2.7-h91fcb0e_0.tar.bz2#5450f90cfa874c98d7f7317d5d58cd61
https://conda.anaconda.org/conda-forge/linux-64/xorg-libx11-1.7.0-h7f98852_0.tar.bz2#0cd07abd75b2fad023161c657524ddbd
https://conda.anaconda.org/conda-forge/linux-64/aws-c-event-stream-0.2.7-h6bac3ce_1.tar.bz2#6651f783e05801f31bf6418e48918055
https://conda.anaconda.org/conda-forge/linux-64/fontconfig-2.13.1-hba837de_1004.tar.bz2#bbe61e6ae39440dd101d77bf80ffc2cd
https://conda.anaconda.org/conda-forge/linux-64/lcms2-2.12-hddcbb42_0.tar.bz2#797117394a4aa588de6d741b06fad80f
https://conda.anaconda.org/conda-forge/linux-64/libcurl-7.75.0-hc4aaa36_0.tar.bz2#7283260c001a5f62d831b6c660c5afe7
https://conda.anaconda.org/conda-forge/linux-64/libkml-1.3.0-h238a007_1013.tar.bz2#1c3e0fbdc332f7a3a3cd1a2e9317953f
https://conda.anaconda.org/conda-forge/linux-64/libpq-13.1-hfd2b0eb_2.tar.bz2#d41b032f8940757263340b0918e62682
https://conda.anaconda.org/conda-forge/linux-64/openjpeg-2.4.0-hf7af979_0.tar.bz2#f677c4652b03ed5d1352bf976be7192c
https://conda.anaconda.org/conda-forge/linux-64/python-3.8.8-hffdb5ce_0_cpython.tar.bz2#da5f00968a732f5da324fff565909a05
https://conda.anaconda.org/conda-forge/linux-64/xorg-libxext-1.3.4-h7f98852_1.tar.bz2#536cc5db4d0a3ba0630541aec064b5e4
https://conda.anaconda.org/conda-forge/linux-64/xorg-libxrender-0.9.10-h7f98852_1003.tar.bz2#f59c1242cc1dd93e72c2ee2b360979eb
https://conda.anaconda.org/conda-forge/noarch/appdirs-1.4.4-pyh9f0ad1d_0.tar.bz2#5f095bc6454094e96f146491fd03633b
https://conda.anaconda.org/conda-forge/noarch/attrs-20.3.0-pyhd3deb0d_0.tar.bz2#5b319abb055eefcfa344bc21378ca23f
https://conda.anaconda.org/conda-forge/linux-64/aws-sdk-cpp-1.8.151-hceb1b1e_1.tar.bz2#1a9d4b7e6148c447208c38204cc2f426
https://conda.anaconda.org/conda-forge/linux-64/cairo-1.16.0-h6cf1ce9_1008.tar.bz2#a43fb47d15e116f8be4be7e6b17ab59f
https://conda.anaconda.org/conda-forge/linux-64/cfitsio-3.470-hb418390_7.tar.bz2#5bda2e5ca5edb0c207c3ec76f57f8ecc
https://conda.anaconda.org/conda-forge/noarch/click-7.1.2-pyh9f0ad1d_0.tar.bz2#bd50a970ce07e660c319fdc4d730d3f1
https://conda.anaconda.org/conda-forge/linux-64/curl-7.75.0-h979ede3_0.tar.bz2#39afe69f0df2dbdc81663666e0559bf8
https://conda.anaconda.org/conda-forge/noarch/filelock-3.0.12-pyh9f0ad1d_0.tar.bz2#7544ed05bbbe9bb687bc9bcbe4d6cb46
https://conda.anaconda.org/conda-forge/noarch/geojson-2.5.0-py_0.tar.bz2#b4a361c7b70eeda6342a54555144c419
https://conda.anaconda.org/conda-forge/linux-64/hdf5-1.10.6-nompi_h6a2412b_1114.tar.bz2#0a2984b78f51148d7ff6219abe73509e
https://conda.anaconda.org/conda-forge/noarch/idna-2.10-pyh9f0ad1d_0.tar.bz2#f95a12b4f435aae6680fe55ae2eb1b06
https://conda.anaconda.org/conda-forge/noarch/jmespath-0.10.0-pyh9f0ad1d_0.tar.bz2#5988f73e79824c7900954539fbfad3fa
https://conda.anaconda.org/conda-forge/noarch/mpmath-1.2.1-pyhd8ed1ab_0.tar.bz2#9b06ebbd24f7c60ba5a29117c528514e
https://conda.anaconda.org/conda-forge/noarch/olefile-0.46-pyh9f0ad1d_1.tar.bz2#0b2e68acc8c78c8cc392b90983481f58
https://conda.anaconda.org/conda-forge/linux-64/postgresql-13.1-h6303168_2.tar.bz2#54f4ea7800d0e2c28a9afe170304cb9b
https://conda.anaconda.org/conda-forge/linux-64/proj-8.0.0-h277dcde_0.tar.bz2#bcbbfbd43a58c479b7348a82ca036c7d
https://conda.anaconda.org/conda-forge/noarch/pycparser-2.20-pyh9f0ad1d_2.tar.bz2#aa798d50ffd182a0f6f31478c7f434f6
https://conda.anaconda.org/conda-forge/noarch/pymysql-0.10.1-pyhd3deb0d_0.tar.bz2#fa211058964ebcf0562a72cf63fbb2cf
https://conda.anaconda.org/conda-forge/noarch/pyparsing-2.4.7-pyh9f0ad1d_0.tar.bz2#626c4f20d5bf06dcec9cf2eaa31725c7
https://conda.anaconda.org/conda-forge/linux-64/python_abi-3.8-1_cp38.tar.bz2#8d05152d6fb3012b27a0e6fbcc14bea1
https://conda.anaconda.org/conda-forge/noarch/pytz-2021.1-pyhd8ed1ab_0.tar.bz2#3af2e9424d5eb0063824a3f9b850d411
https://conda.anaconda.org/conda-forge/noarch/six-1.15.0-pyh9f0ad1d_0.tar.bz2#1eec421f0f1f39e579e44e4a5ce646a2
https://conda.anaconda.org/conda-forge/noarch/threadpoolctl-2.1.0-pyh5ca1d4c_0.tar.bz2#9eb32b63458380aa3804de519b6e5749
https://conda.anaconda.org/conda-forge/noarch/toml-0.10.2-pyhd8ed1ab_0.tar.bz2#f832c45a477c78bebd107098db465095
https://conda.anaconda.org/conda-forge/noarch/tqdm-4.59.0-pyhd8ed1ab_0.tar.bz2#9ae6fb908a7f989e59a02fef85a5fd6f
https://conda.anaconda.org/conda-forge/linux-64/certifi-2020.12.5-py38h578d9bd_1.tar.bz2#be470d89b0678991fd4ba67d4a35bc80
https://conda.anaconda.org/conda-forge/linux-64/cffi-1.14.5-py38ha65f79e_0.tar.bz2#386057f231a571b75bfa7307c9acd5f6
https://conda.anaconda.org/conda-forge/linux-64/chardet-4.0.0-py38h578d9bd_1.tar.bz2#9294a5e2c7545a2f67ac348aadd53344
https://conda.anaconda.org/conda-forge/noarch/click-default-group-1.2.1-py_0.tar.bz2#64a66d3d4db54208496c4e2fa822eeee
https://conda.anaconda.org/conda-forge/noarch/click-plugins-1.1.1-py_0.tar.bz2#4fd2c6b53934bd7d96d1f3fdaf99b79f
https://conda.anaconda.org/conda-forge/noarch/cligj-0.7.1-pyhd8ed1ab_0.tar.bz2#3170b1d23788c6b161dbd14bfb5c752e
https://conda.anaconda.org/conda-forge/noarch/cycler-0.10.0-py_2.tar.bz2#f6d7c7e6d8f42cbbec7e07a8d879f91c
https://conda.anaconda.org/conda-forge/linux-64/geotiff-1.6.0-hcf90da6_5.tar.bz2#ddb75ca9dee489394a0dc8487903382f
https://conda.anaconda.org/conda-forge/linux-64/kealib-1.4.14-hcc255d8_2.tar.bz2#ae7e21f861c37500627f7122df804c26
https://conda.anaconda.org/conda-forge/linux-64/kiwisolver-1.3.1-py38h1fd1430_1.tar.bz2#01488c80daae318ed5c17e7bb12af64e
https://conda.anaconda.org/conda-forge/linux-64/libdap4-3.20.6-hd7c4107_2.tar.bz2#c265ae57e3acdc891f3e2b93cf6784f5
https://conda.anaconda.org/conda-forge/linux-64/libnetcdf-4.7.4-nompi_h56d31a8_107.tar.bz2#ef3d349e818876a175de7d87bd6451df
https://conda.anaconda.org/conda-forge/linux-64/libspatialite-5.0.1-h20cb978_4.tar.bz2#e405e042151d20179e96c6e658789ac9
https://conda.anaconda.org/conda-forge/linux-64/markupsafe-1.1.1-py38h497a2fe_3.tar.bz2#d51cdb48d2792a63174c0ee66a602e7e
https://conda.anaconda.org/conda-forge/linux-64/numpy-1.19.5-py38h18fd61f_1.tar.bz2#93747adf1f986f2887d3c113c3bb99d7
https://conda.anaconda.org/conda-forge/noarch/packaging-20.9-pyh44b312d_0.tar.bz2#be69a38e912054a62dc82cc3c7711a64
https://conda.anaconda.org/conda-forge/linux-64/pillow-8.1.2-py38ha0e1e83_0.tar.bz2#f676657483318a24c9bbf10324dc9407
https://conda.anaconda.org/conda-forge/linux-64/poppler-21.03.0-h93df280_0.tar.bz2#8eb9cd14ac2063e614a1ba923496b94d
https://conda.anaconda.org/conda-forge/linux-64/psycopg2-2.8.6-py38h497a2fe_2.tar.bz2#c24ee626a65676db6dccdaf107b26ffd
https://conda.anaconda.org/conda-forge/linux-64/pysocks-1.7.1-py38h578d9bd_3.tar.bz2#8284bab4783fd6fdd11b695958945614
https://conda.anaconda.org/conda-forge/noarch/python-dateutil-2.8.1-py_0.tar.bz2#0d0150ed9c2d25817f5324108d3f7571
https://conda.anaconda.org/conda-forge/linux-64/pyyaml-5.4.1-py38h497a2fe_0.tar.bz2#36d6e06148013694eb943576cd305f67
https://conda.anaconda.org/conda-forge/linux-64/rtree-0.9.7-py38h02d302b_1.tar.bz2#25f9aed49cf82480e85967bb5db18408
https://conda.anaconda.org/conda-forge/linux-64/sqlalchemy-1.3.23-py38h497a2fe_0.tar.bz2#b717f380297da4ac057f543b3f373a72
https://conda.anaconda.org/conda-forge/linux-64/tornado-6.1-py38h497a2fe_1.tar.bz2#e772c8383768280af283e814e2126663
https://conda.anaconda.org/conda-forge/linux-64/arrow-cpp-2.0.0-py38h6da0e5f_30_cpu.tar.bz2#7428129bda41474d660532c3578dd6b5
https://conda.anaconda.org/conda-forge/linux-64/brotlipy-0.7.0-py38h497a2fe_1001.tar.bz2#56753dd777a6517b34966ddcb39af734
https://conda.anaconda.org/conda-forge/linux-64/cryptography-3.4.7-py38ha5dfef3_0.tar.bz2#a8b014aba670157256dabdc885f71af4
https://conda.anaconda.org/conda-forge/linux-64/libgdal-3.2.2-h928efbf_2.tar.bz2#70071a0184c840f1680d796a88c8d389
https://conda.anaconda.org/conda-forge/linux-64/pandas-1.1.5-py38h51da96c_0.tar.bz2#d014370308f212a24634955b862b0a8e
https://conda.anaconda.org/conda-forge/linux-64/pyproj-3.0.1-py38hdf83a33_1.tar.bz2#16c57f28d84074cfa14e2115fa8a2298
https://conda.anaconda.org/conda-forge/linux-64/scipy-1.6.2-py38h7b17777_0.tar.bz2#e0be90ecf33b94ac3f407f1bf3c76de2
https://conda.anaconda.org/conda-forge/linux-64/setuptools-49.6.0-py38h578d9bd_3.tar.bz2#59c561cd1be0db9cf1c83f7d7cc74f4d
https://conda.anaconda.org/conda-forge/linux-64/shapely-1.7.1-py38h4fc1155_4.tar.bz2#4f81f5126a2ff5bff8ee84574d82ecac
https://conda.anaconda.org/conda-forge/linux-64/gdal-3.2.2-py38h507a4fd_2.tar.bz2#7783eb61d996d4c758b5fa38c9fa37d7
https://conda.anaconda.org/conda-forge/noarch/jinja2-2.11.3-pyh44b312d_0.tar.bz2#1d4c3605d85a3655b1595e0694138eb6
https://conda.anaconda.org/conda-forge/noarch/joblib-1.0.1-pyhd8ed1ab_0.tar.bz2#27d5ed1aaf2bbb5a0cc307a12d8e032f
https://conda.anaconda.org/conda-forge/linux-64/matplotlib-base-3.3.4-py38h0efea84_0.tar.bz2#9818b095ff2ddceadb7553b0d56d219f
https://conda.anaconda.org/conda-forge/noarch/munch-2.5.0-py_0.tar.bz2#31d9e9be500e25ff0050bc9f57a6bcd7
https://conda.anaconda.org/conda-forge/noarch/parquet-cpp-1.5.1-2.tar.bz2#79a5f78c42817594ae016a7896521a97
https://conda.anaconda.org/conda-forge/noarch/patsy-0.5.1-py_0.tar.bz2#d971df2dcd1a453daabecec0ef76e88a
https://conda.anaconda.org/conda-forge/noarch/pyopenssl-20.0.1-pyhd8ed1ab_0.tar.bz2#92371c25994d0f5d28a01c1fb75ebf86
https://conda.anaconda.org/conda-forge/noarch/sqlalchemy-redshift-0.8.2-pyhd3deb0d_0.tar.bz2#0da43ce6bbea69b7019963ad06237cb2
https://conda.anaconda.org/conda-forge/noarch/branca-0.4.2-pyhd8ed1ab_0.tar.bz2#836c975d3ae4f21c3cd047c10b15a7cf
https://conda.anaconda.org/conda-forge/linux-64/fiona-1.8.18-py38h58f84aa_1.tar.bz2#47bd73be08703428b4233a568569ee8c
https://conda.anaconda.org/conda-forge/noarch/powerlaw-1.4.6-pyh9f0ad1d_1.tar.bz2#f4474cee144d8c30615d94bae0d4d7c1
https://conda.anaconda.org/conda-forge/linux-64/pyarrow-2.0.0-py38h92f0514_30_cpu.tar.bz2#0260d0eea99693e6da383dc4591806e7
https://conda.anaconda.org/conda-forge/linux-64/scikit-learn-0.24.1-py38h658cfdd_0.tar.bz2#b523dbddf028e2f4190537a96846960a
https://conda.anaconda.org/conda-forge/linux-64/statsmodels-0.12.2-py38h5c078b8_0.tar.bz2#33787719ad03d33cffc4e2e3ea82bc9e
https://conda.anaconda.org/conda-forge/noarch/urllib3-1.26.4-pyhd8ed1ab_0.tar.bz2#d7b20b328e23d993994ea02077c009c0
https://conda.anaconda.org/conda-forge/noarch/botocore-1.20.39-pyhd8ed1ab_0.tar.bz2#34328b2f142ae05b7e9ccb150b743370
https://conda.anaconda.org/conda-forge/noarch/geopandas-0.9.0-pyhd8ed1ab_0.tar.bz2#5ad23a6ba0896134cf42bae1a9a0eee7
https://conda.anaconda.org/conda-forge/noarch/requests-2.25.1-pyhd3deb0d_0.tar.bz2#ae687aba31a1c400192a86a2e993ffdc
https://conda.anaconda.org/conda-forge/noarch/ensureconda-1.4.1-pyhd8ed1ab_0.tar.bz2#52a7f7cc9076e2c8a25e15e19ad42821
https://conda.anaconda.org/conda-forge/noarch/folium-0.12.0-pyhd8ed1ab_1.tar.bz2#91945fa06d1d7a5a8914f32785388478
https://conda.anaconda.org/conda-forge/noarch/s3transfer-0.3.6-pyhd8ed1ab_0.tar.bz2#0c2ef67c47f1aee309967026d37649da
https://conda.anaconda.org/conda-forge/noarch/boto3-1.17.39-pyhd8ed1ab_0.tar.bz2#8476729da46c3d33496f2c0ece6baaa4
https://conda.anaconda.org/conda-forge/noarch/conda-lock-0.9.1-pyhd8ed1ab_0.tar.bz2#c918c8071db1665663a46371b0a46620
https://conda.anaconda.org/conda-forge/noarch/scikit-mobility-1.1.2-pyhd3deb0d_1.tar.bz2#bda26ae7c3859c689e23b844eb259000
https://conda.anaconda.org/conda-forge/noarch/awswrangler-1.10.1-pyhd8ed1ab_0.tar.bz2#fdfd60a76dca80f696f7e46461a64d0b
